
Microsoft Visual Studio Solution File, Format Version 12.00
# Visual Studio Version 17
VisualStudioVersion = 17.3.32825.248
MinimumVisualStudioVersion = 10.0.40219.1
Project("{FAE04EC0-301F-11D3-BF4B-00C04F79EFBC}") = "ResumeWehrheim", "ResumeWehrheim\ResumeWehrheim.csproj", "{7BCD6C6F-ABC8-4D9F-A9EF-9A94FF88ED0C}"
EndProject
Global
	GlobalSection(SolutionConfigurationPlatforms) = preSolution
		Debug|Any CPU = Debug|Any CPU
		Release|Any CPU = Release|Any CPU
	EndGlobalSection
	GlobalSection(ProjectConfigurationPlatforms) = postSolution
		{7BCD6C6F-ABC8-4D9F-A9EF-9A94FF88ED0C}.Debug|Any CPU.ActiveCfg = Debug|Any CPU
		{7BCD6C6F-ABC8-4D9F-A9EF-9A94FF88ED0C}.Debug|Any CPU.Build.0 = Debug|Any CPU
		{7BCD6C6F-ABC8-4D9F-A9EF-9A94FF88ED0C}.Release|Any CPU.ActiveCfg = Release|Any CPU
		{7BCD6C6F-ABC8-4D9F-A9EF-9A94FF88ED0C}.Release|Any CPU.Build.0 = Release|Any CPU
	EndGlobalSection
	GlobalSection(SolutionProperties) = preSolution
		HideSolutionNode = FALSE
	EndGlobalSection
	GlobalSection(ExtensibilityGlobals) = postSolution
		SolutionGuid = {CEBAD05D-6CDC-4CFE-B845-8C17FA6C4D50}
	EndGlobalSection
EndGlobal
